
Microsoft Visual Studio Solution File, Format Version 12.00
# Visual Studio Version 17
VisualStudioVersion = 17.10.35013.160
MinimumVisualStudioVersion = 10.0.40219.1
Project("{9A19103F-16F7-4668-BE54-9A1E7A4F7556}") = "NoteTaker", "NoteTaker.csproj", "{6DCA9E0A-E5E8-4D2B-947F-4E644A1B72DC}"
EndProject
Global
	GlobalSection(SolutionConfigurationPlatforms) = preSolution
		Debug|Any CPU = Debug|Any CPU
		Release|Any CPU = Release|Any CPU
	EndGlobalSection
	GlobalSection(ProjectConfigurationPlatforms) = postSolution
		{6DCA9E0A-E5E8-4D2B-947F-4E644A1B72DC}.Debug|Any CPU.ActiveCfg = Debug|Any CPU
		{6DCA9E0A-E5E8-4D2B-947F-4E644A1B72DC}.Debug|Any CPU.Build.0 = Debug|Any CPU
		{6DCA9E0A-E5E8-4D2B-947F-4E644A1B72DC}.Release|Any CPU.ActiveCfg = Release|Any CPU
		{6DCA9E0A-E5E8-4D2B-947F-4E644A1B72DC}.Release|Any CPU.Build.0 = Release|Any CPU
	EndGlobalSection
	GlobalSection(SolutionProperties) = preSolution
		HideSolutionNode = FALSE
	EndGlobalSection
	GlobalSection(ExtensibilityGlobals) = postSolution
		SolutionGuid = {D0A1A8E1-4E98-4ADA-A74C-5E86B05C89DD}
	EndGlobalSection
EndGlobal
